
Microsoft Visual Studio Solution File, Format Version 12.00
# Visual Studio Version 16
VisualStudioVersion = 16.0.33801.447
MinimumVisualStudioVersion = 10.0.40219.1
Project("{FAE04EC0-301F-11D3-BF4B-00C04F79EFBC}") = "DevanshPatelBookStore", "DevanshPatelBookStore\DevanshPatelBookStore.csproj", "{C153C190-B74A-4824-89F2-FFE361AF7060}"
EndProject
Project("{FAE04EC0-301F-11D3-BF4B-00C04F79EFBC}") = "DevanshPatelBooks.DataAccess", "DevanshPatelBooks.DataAccess\DevanshPatelBooks.DataAccess.csproj", "{CF7E1BA4-B0BC-4B62-A1F0-035FC7F1E576}"
EndProject
Project("{FAE04EC0-301F-11D3-BF4B-00C04F79EFBC}") = "DevanshPatelBooks.Models", "DevanshPatelBooks.Models\DevanshPatelBooks.Models.csproj", "{1105A72E-DF9C-464D-B908-E4D1BC10A377}"
EndProject
Project("{FAE04EC0-301F-11D3-BF4B-00C04F79EFBC}") = "DevanshPatelBooks.Utility", "DevanshPatelBooks.Utility\DevanshPatelBooks.Utility.csproj", "{47ED3D50-265B-4A74-975E-A5E164DF5AD9}"
EndProject
Global
	GlobalSection(SolutionConfigurationPlatforms) = preSolution
		Debug|Any CPU = Debug|Any CPU
		Release|Any CPU = Release|Any CPU
	EndGlobalSection
	GlobalSection(ProjectConfigurationPlatforms) = postSolution
		{C153C190-B74A-4824-89F2-FFE361AF7060}.Debug|Any CPU.ActiveCfg = Debug|Any CPU
		{C153C190-B74A-4824-89F2-FFE361AF7060}.Debug|Any CPU.Build.0 = Debug|Any CPU
		{C153C190-B74A-4824-89F2-FFE361AF7060}.Release|Any CPU.ActiveCfg = Release|Any CPU
		{C153C190-B74A-4824-89F2-FFE361AF7060}.Release|Any CPU.Build.0 = Release|Any CPU
		{CF7E1BA4-B0BC-4B62-A1F0-035FC7F1E576}.Debug|Any CPU.ActiveCfg = Debug|Any CPU
		{CF7E1BA4-B0BC-4B62-A1F0-035FC7F1E576}.Debug|Any CPU.Build.0 = Debug|Any CPU
		{CF7E1BA4-B0BC-4B62-A1F0-035FC7F1E576}.Release|Any CPU.ActiveCfg = Release|Any CPU
		{CF7E1BA4-B0BC-4B62-A1F0-035FC7F1E576}.Release|Any CPU.Build.0 = Release|Any CPU
		{1105A72E-DF9C-464D-B908-E4D1BC10A377}.Debug|Any CPU.ActiveCfg = Debug|Any CPU
		{1105A72E-DF9C-464D-B908-E4D1BC10A377}.Debug|Any CPU.Build.0 = Debug|Any CPU
		{1105A72E-DF9C-464D-B908-E4D1BC10A377}.Release|Any CPU.ActiveCfg = Release|Any CPU
		{1105A72E-DF9C-464D-B908-E4D1BC10A377}.Release|Any CPU.Build.0 = Release|Any CPU
		{47ED3D50-265B-4A74-975E-A5E164DF5AD9}.Debug|Any CPU.ActiveCfg = Debug|Any CPU
		{47ED3D50-265B-4A74-975E-A5E164DF5AD9}.Debug|Any CPU.Build.0 = Debug|Any CPU
		{47ED3D50-265B-4A74-975E-A5E164DF5AD9}.Release|Any CPU.ActiveCfg = Release|Any CPU
		{47ED3D50-265B-4A74-975E-A5E164DF5AD9}.Release|Any CPU.Build.0 = Release|Any CPU
	EndGlobalSection
	GlobalSection(SolutionProperties) = preSolution
		HideSolutionNode = FALSE
	EndGlobalSection
	GlobalSection(ExtensibilityGlobals) = postSolution
		SolutionGuid = {15434E4F-4FF9-44DD-B259-987D38E6DF31}
	EndGlobalSection
EndGlobal
